// !$*UTF8*$!
{
	archiveVersion = 1;
	classes = {
	};
	objectVersion = 50;
	objects = {

/* Begin PBXBuildFile section */
		CC14115923D08D0F0099340B /* AppDelegate.swift in Sources */ = {isa = PBXBuildFile; fileRef = CC14115823D08D0F0099340B /* AppDelegate.swift */; };
		CC14115B23D08D0F0099340B /* SceneDelegate.swift in Sources */ = {isa = PBXBuildFile; fileRef = CC14115A23D08D0F0099340B /* SceneDelegate.swift */; };
		CC14115D23D08D0F0099340B /* ViewController.swift in Sources */ = {isa = PBXBuildFile; fileRef = CC14115C23D08D0F0099340B /* ViewController.swift */; };
		CC14116023D08D0F0099340B /* Main.storyboard in Resources */ = {isa = PBXBuildFile; fileRef = CC14115E23D08D0F0099340B /* Main.storyboard */; };
		CC14116223D08D110099340B /* Assets.xcassets in Resources */ = {isa = PBXBuildFile; fileRef = CC14116123D08D110099340B /* Assets.xcassets */; };
		CC14116523D08D110099340B /* LaunchScreen.storyboard in Resources */ = {isa = PBXBuildFile; fileRef = CC14116323D08D110099340B /* LaunchScreen.storyboard */; };
		CC531EA623D09607008AAE0B /* DebuggingTableView.swift in Sources */ = {isa = PBXBuildFile; fileRef = CC531EA523D09607008AAE0B /* DebuggingTableView.swift */; };
		CC531EA823D0A5D6008AAE0B /* TabBarController.swift in Sources */ = {isa = PBXBuildFile; fileRef = CC531EA723D0A5D6008AAE0B /* TabBarController.swift */; };
/* End PBXBuildFile section */

/* Begin PBXFileReference section */
		CC14115523D08D0F0099340B /* UITableViewLargeTitle.app */ = {isa = PBXFileReference; explicitFileType = wrapper.application; includeInIndex = 0; path = UITableViewLargeTitle.app; sourceTree = BUILT_PRODUCTS_DIR; };
		CC14115823D08D0F0099340B /* AppDelegate.swift */ = {isa = PBXFileReference; lastKnownFileType = sourcecode.swift; path = AppDelegate.swift; sourceTree = "<group>"; };
		CC14115A23D08D0F0099340B /* SceneDelegate.swift */ = {isa = PBXFileReference; lastKnownFileType = sourcecode.swift; path = SceneDelegate.swift; sourceTree = "<group>"; };
		CC14115C23D08D0F0099340B /* ViewController.swift */ = {isa = PBXFileReference; lastKnownFileType = sourcecode.swift; path = ViewController.swift; sourceTree = "<group>"; };
		CC14115F23D08D0F0099340B /* Base */ = {isa = PBXFileReference; lastKnownFileType = file.storyboard; name = Base; path = Base.lproj/Main.storyboard; sourceTree = "<group>"; };
		CC14116123D08D110099340B /* Assets.xcassets */ = {isa = PBXFileReference; lastKnownFileType = folder.assetcatalog; path = Assets.xcassets; sourceTree = "<group>"; };
		CC14116423D08D110099340B /* Base */ = {isa = PBXFileReference; lastKnownFileType = file.storyboard; name = Base; path = Base.lproj/LaunchScreen.storyboard; sourceTree = "<group>"; };
		CC14116623D08D110099340B /* Info.plist */ = {isa = PBXFileReference; lastKnownFileType = text.plist.xml; path = Info.plist; sourceTree = "<group>"; };
		CC531EA523D09607008AAE0B /* DebuggingTableView.swift */ = {isa = PBXFileReference; fileEncoding = 4; lastKnownFileType = sourcecode.swift; path = DebuggingTableView.swift; sourceTree = "<group>"; };
		CC531EA723D0A5D6008AAE0B /* TabBarController.swift */ = {isa = PBXFileReference; lastKnownFileType = sourcecode.swift; path = TabBarController.swift; sourceTree = "<group>"; };
/* End PBXFileReference section */

/* Begin PBXFrameworksBuildPhase section */
		CC14115223D08D0F0099340B /* Frameworks */ = {
			isa = PBXFrameworksBuildPhase;
			buildActionMask = 2147483647;
			files = (
			);
			runOnlyForDeploymentPostprocessing = 0;
		};
/* End PBXFrameworksBuildPhase section */

/* Begin PBXGroup section */
		CC14114C23D08D0F0099340B = {
			isa = PBXGroup;
			children = (
				CC14115723D08D0F0099340B /* UITableViewLargeTitle */,
				CC14115623D08D0F0099340B /* Products */,
			);
			sourceTree = "<group>";
		};
		CC14115623D08D0F0099340B /* Products */ = {
			isa = PBXGroup;
			children = (
				CC14115523D08D0F0099340B /* UITableViewLargeTitle.app */,
			);
			name = Products;
			sourceTree = "<group>";
		};
		CC14115723D08D0F0099340B /* UITableViewLargeTitle */ = {
			isa = PBXGroup;
			children = (
				CC14115823D08D0F0099340B /* AppDelegate.swift */,
				CC14115A23D08D0F0099340B /* SceneDelegate.swift */,
				CC14115C23D08D0F0099340B /* ViewController.swift */,
				CC531EA523D09607008AAE0B /* DebuggingTableView.swift */,
				CC14115E23D08D0F0099340B /* Main.storyboard */,
				CC531EA723D0A5D6008AAE0B /* TabBarController.swift */,
				CC14116123D08D110099340B /* Assets.xcassets */,
				CC14116323D08D110099340B /* LaunchScreen.storyboard */,
				CC14116623D08D110099340B /* Info.plist */,
			);
			path = UITableViewLargeTitle;
			sourceTree = "<group>";
		};
/* End PBXGroup section */

/* Begin PBXNativeTarget section */
		CC14115423D08D0F0099340B /* UITableViewLargeTitle */ = {
			isa = PBXNativeTarget;
			buildConfigurationList = CC14116923D08D110099340B /* Build configuration list for PBXNativeTarget "UITableViewLargeTitle" */;
			buildPhases = (
				CC14115123D08D0F0099340B /* Sources */,
				CC14115223D08D0F0099340B /* Frameworks */,
				CC14115323D08D0F0099340B /* Resources */,
			);
			buildRules = (
			);
			dependencies = (
			);
			name = UITableViewLargeTitle;
			productName = UITableViewLargeTitle;
			productReference = CC14115523D08D0F0099340B /* UITableViewLargeTitle.app */;
			productType = "com.apple.product-type.application";
		};
/* End PBXNativeTarget section */

/* Begin PBXProject section */
		CC14114D23D08D0F0099340B /* Project object */ = {
			isa = PBXProject;
			attributes = {
				LastSwiftUpdateCheck = 1120;
				LastUpgradeCheck = 1120;
				ORGANIZATIONNAME = nezhyborets;
				TargetAttributes = {
					CC14115423D08D0F0099340B = {
						CreatedOnToolsVersion = 11.2.1;
					};
				};
			};
			buildConfigurationList = CC14115023D08D0F0099340B /* Build configuration list for PBXProject "UITableViewLargeTitle" */;
			compatibilityVersion = "Xcode 9.3";
			developmentRegion = en;
			hasScannedForEncodings = 0;
			knownRegions = (
				en,
				Base,
			);
			mainGroup = CC14114C23D08D0F0099340B;
			productRefGroup = CC14115623D08D0F0099340B /* Products */;
			projectDirPath = "";
			projectRoot = "";
			targets = (
				CC14115423D08D0F0099340B /* UITableViewLargeTitle */,
			);
		};
/* End PBXProject section */

/* Begin PBXResourcesBuildPhase section */
		CC14115323D08D0F0099340B /* Resources */ = {
			isa = PBXResourcesBuildPhase;
			buildActionMask = 2147483647;
			files = (
				CC14116523D08D110099340B /* LaunchScreen.storyboard in Resources */,
				CC14116223D08D110099340B /* Assets.xcassets in Resources */,
				CC14116023D08D0F0099340B /* Main.storyboard in Resources */,
			);
			runOnlyForDeploymentPostprocessing = 0;
		};
/* End PBXResourcesBuildPhase section */

/* Begin PBXSourcesBuildPhase section */
		CC14115123D08D0F0099340B /* Sources */ = {
			isa = PBXSourcesBuildPhase;
			buildActionMask = 2147483647;
			files = (
				CC14115D23D08D0F0099340B /* ViewController.swift in Sources */,
				CC14115923D08D0F0099340B /* AppDelegate.swift in Sources */,
				CC531EA623D09607008AAE0B /* DebuggingTableView.swift in Sources */,
				CC531EA823D0A5D6008AAE0B /* TabBarController.swift in Sources */,
				CC14115B23D08D0F0099340B /* SceneDelegate.swift in Sources */,
			);
			runOnlyForDeploymentPostprocessing = 0;
		};
/* End PBXSourcesBuildPhase section */

/* Begin PBXVariantGroup section */
		CC14115E23D08D0F0099340B /* Main.storyboard */ = {
			isa = PBXVariantGroup;
			children = (
				CC14115F23D08D0F0099340B /* Base */,
			);
			name = Main.storyboard;
			sourceTree = "<group>";
		};
		CC14116323D08D110099340B /* LaunchScreen.storyboard */ = {
			isa = PBXVariantGroup;
			children = (
				CC14116423D08D110099340B /* Base */,
			);
			name = LaunchScreen.storyboard;
			sourceTree = "<group>";
		};
/* End PBXVariantGroup section */

/* Begin XCBuildConfiguration section */
		CC14116723D08D110099340B /* Debug */ = {
			isa = XCBuildConfiguration;
			buildSettings = {
				ALWAYS_SEARCH_USER_PATHS = NO;
				CLANG_ANALYZER_NONNULL = YES;
				CLANG_ANALYZER_NUMBER_OBJECT_CONVERSION = YES_AGGRESSIVE;
				CLANG_CXX_LANGUAGE_STANDARD = "gnu++14";
				CLANG_CXX_LIBRARY = "libc++";
				CLANG_ENABLE_MODULES = YES;
				CLANG_ENABLE_OBJC_ARC = YES;
				CLANG_ENABLE_OBJC_WEAK = YES;
				CLANG_WARN_BLOCK_CAPTURE_AUTORELEASING = YES;
				CLANG_WARN_BOOL_CONVERSION = YES;
				CLANG_WARN_COMMA = YES;
				CLANG_WARN_CONSTANT_CONVERSION = YES;
				CLANG_WARN_DEPRECATED_OBJC_IMPLEMENTATIONS = YES;
				CLANG_WARN_DIRECT_OBJC_ISA_USAGE = YES_ERROR;
				CLANG_WARN_DOCUMENTATION_COMMENTS = YES;
				CLANG_WARN_EMPTY_BODY = YES;
				CLANG_WARN_ENUM_CONVERSION = YES;
				CLANG_WARN_INFINITE_RECURSION = YES;
				CLANG_WARN_INT_CONVERSION = YES;
				CLANG_WARN_NON_LITERAL_NULL_CONVERSION = YES;
				CLANG_WARN_OBJC_IMPLICIT_RETAIN_SELF = YES;
				CLANG_WARN_OBJC_LITERAL_CONVERSION = YES;
				CLANG_WARN_OBJC_ROOT_CLASS = YES_ERROR;
				CLANG_WARN_RANGE_LOOP_ANALYSIS = YES;
				CLANG_WARN_STRICT_PROTOTYPES = YES;
				CLANG_WARN_SUSPICIOUS_MOVE = YES;
				CLANG_WARN_UNGUARDED_AVAILABILITY = YES_AGGRESSIVE;
				CLANG_WARN_UNREACHABLE_CODE = YES;
				CLANG_WARN__DUPLICATE_METHOD_MATCH = YES;
				COPY_PHASE_STRIP = NO;
				DEBUG_INFORMATION_FORMAT = dwarf;
				ENABLE_STRICT_OBJC_MSGSEND = YES;
				ENABLE_TESTABILITY = YES;
				GCC_C_LANGUAGE_STANDARD = gnu11;
				GCC_DYNAMIC_NO_PIC = NO;
				GCC_NO_COMMON_BLOCKS = YES;
				GCC_OPTIMIZATION_LEVEL = 0;
				GCC_PREPROCESSOR_DEFINITIONS = (
					"DEBUG=1",
					"$(inherited)",
				);
				GCC_WARN_64_TO_32_BIT_CONVERSION = YES;
				GCC_WARN_ABOUT_RETURN_TYPE = YES_ERROR;
				GCC_WARN_UNDECLARED_SELECTOR = YES;
				GCC_WARN_UNINITIALIZED_AUTOS = YES_AGGRESSIVE;
				GCC_WARN_UNUSED_FUNCTION = YES;
				GCC_WARN_UNUSED_VARIABLE = YES;
				IPHONEOS_DEPLOYMENT_TARGET = 13.2;
				MTL_ENABLE_DEBUG_INFO = INCLUDE_SOURCE;
				MTL_FAST_MATH = YES;
				ONLY_ACTIVE_ARCH = YES;
				SDKROOT = iphoneos;
				SWIFT_ACTIVE_COMPILATION_CONDITIONS = DEBUG;
				SWIFT_OPTIMIZATION_LEVEL = "-Onone";
			};
			name = Debug;
		};
		CC14116823D08D110099340B /* Release */ = {
			isa = XCBuildConfiguration;
			buildSettings = {
				ALWAYS_SEARCH_USER_PATHS = NO;
				CLANG_ANALYZER_NONNULL = YES;
				CLANG_ANALYZER_NUMBER_OBJECT_CONVERSION = YES_AGGRESSIVE;
				CLANG_CXX_LANGUAGE_STANDARD = "gnu++14";
				CLANG_CXX_LIBRARY = "libc++";
				CLANG_ENABLE_MODULES = YES;
				CLANG_ENABLE_OBJC_ARC = YES;
				CLANG_ENABLE_OBJC_WEAK = YES;
				CLANG_WARN_BLOCK_CAPTURE_AUTORELEASING = YES;
				CLANG_WARN_BOOL_CONVERSION = YES;
				CLANG_WARN_COMMA = YES;
				CLANG_WARN_CONSTANT_CONVERSION = YES;
				CLANG_WARN_DEPRECATED_OBJC_IMPLEMENTATIONS = YES;
				CLANG_WARN_DIRECT_OBJC_ISA_USAGE = YES_ERROR;
				CLANG_WARN_DOCUMENTATION_COMMENTS = YES;
				CLANG_WARN_EMPTY_BODY = YES;
				CLANG_WARN_ENUM_CONVERSION = YES;
				CLANG_WARN_INFINITE_RECURSION = YES;
				CLANG_WARN_INT_CONVERSION = YES;
				CLANG_WARN_NON_LITERAL_NULL_CONVERSION = YES;
				CLANG_WARN_OBJC_IMPLICIT_RETAIN_SELF = YES;
				CLANG_WARN_OBJC_LITERAL_CONVERSION = YES;
				CLANG_WARN_OBJC_ROOT_CLASS = YES_ERROR;
				CLANG_WARN_RANGE_LOOP_ANALYSIS = YES;
				CLANG_WARN_STRICT_PROTOTYPES = YES;
				CLANG_WARN_SUSPICIOUS_MOVE = YES;
				CLANG_WARN_UNGUARDED_AVAILABILITY = YES_AGGRESSIVE;
				CLANG_WARN_UNREACHABLE_CODE = YES;
				CLANG_WARN__DUPLICATE_METHOD_MATCH = YES;
				COPY_PHASE_STRIP = NO;
				DEBUG_INFORMATION_FORMAT = "dwarf-with-dsym";
				ENABLE_NS_ASSERTIONS = NO;
				ENABLE_STRICT_OBJC_MSGSEND = YES;
				GCC_C_LANGUAGE_STANDARD = gnu11;
				GCC_NO_COMMON_BLOCKS = YES;
				GCC_WARN_64_TO_32_BIT_CONVERSION = YES;
				GCC_WARN_ABOUT_RETURN_TYPE = YES_ERROR;
				GCC_WARN_UNDECLARED_SELECTOR = YES;
				GCC_WARN_UNINITIALIZED_AUTOS = YES_AGGRESSIVE;
				GCC_WARN_UNUSED_FUNCTION = YES;
				GCC_WARN_UNUSED_VARIABLE = YES;
				IPHONEOS_DEPLOYMENT_TARGET = 13.2;
				MTL_ENABLE_DEBUG_INFO = NO;
				MTL_FAST_MATH = YES;
				SDKROOT = iphoneos;
				SWIFT_COMPILATION_MODE = wholemodule;
				SWIFT_OPTIMIZATION_LEVEL = "-O";
				VALIDATE_PRODUCT = YES;
			};
			name = Release;
		};
		CC14116A23D08D110099340B /* Debug */ = {
			isa = XCBuildConfiguration;
			buildSettings = {
				ASSETCATALOG_COMPILER_APPICON_NAME = AppIcon;
				CODE_SIGN_STYLE = Automatic;
				DEVELOPMENT_TEAM = XJZ3EEE6AK;
				INFOPLIST_FILE = UITableViewLargeTitle/Info.plist;
				IPHONEOS_DEPLOYMENT_TARGET = 12.3;
				LD_RUNPATH_SEARCH_PATHS = (
					"$(inherited)",
					"@executable_path/Frameworks",
				);
				PRODUCT_BUNDLE_IDENTIFIER = com.nezhyborets.UITableViewLargeTitle;
				PRODUCT_NAME = "$(TARGET_NAME)";
				SWIFT_VERSION = 5.0;
				TARGETED_DEVICE_FAMILY = "1,2";
			};
			name = Debug;
		};
		CC14116B23D08D110099340B /* Release */ = {
			isa = XCBuildConfiguration;
			buildSettings = {
				ASSETCATALOG_COMPILER_APPICON_NAME = AppIcon;
				CODE_SIGN_STYLE = Automatic;
				DEVELOPMENT_TEAM = XJZ3EEE6AK;
				INFOPLIST_FILE = UITableViewLargeTitle/Info.plist;
				IPHONEOS_DEPLOYMENT_TARGET = 12.3;
				LD_RUNPATH_SEARCH_PATHS = (
					"$(inherited)",
					"@executable_path/Frameworks",
				);
				PRODUCT_BUNDLE_IDENTIFIER = com.nezhyborets.UITableViewLargeTitle;
				PRODUCT_NAME = "$(TARGET_NAME)";
				SWIFT_VERSION = 5.0;
				TARGETED_DEVICE_FAMILY = "1,2";
			};
			name = Release;
		};
/* End XCBuildConfiguration section */

/* Begin XCConfigurationList section */
		CC14115023D08D0F0099340B /* Build configuration list for PBXProject "UITableViewLargeTitle" */ = {
			isa = XCConfigurationList;
			buildConfigurations = (
				CC14116723D08D110099340B /* Debug */,
				CC14116823D08D110099340B /* Release */,
			);
			defaultConfigurationIsVisible = 0;
			defaultConfigurationName = Release;
		};
		CC14116923D08D110099340B /* Build configuration list for PBXNativeTarget "UITableViewLargeTitle" */ = {
			isa = XCConfigurationList;
			buildConfigurations = (
				CC14116A23D08D110099340B /* Debug */,
				CC14116B23D08D110099340B /* Release */,
			);
			defaultConfigurationIsVisible = 0;
			defaultConfigurationName = Release;
		};
/* End XCConfigurationList section */
	};
	rootObject = CC14114D23D08D0F0099340B /* Project object */;
}
