// !$*UTF8*$!
{
	archiveVersion = 1;
	classes = {
	};
	objectVersion = 46;
	objects = {

/* Begin PBXBuildFile section */
		2F5CA38D1EB1509F0049AF69 /* AppDelegate.swift in Sources */ = {isa = PBXBuildFile; fileRef = 2F5CA38C1EB1509F0049AF69 /* AppDelegate.swift */; };
		2F5CA3941EB1509F0049AF69 /* Main.storyboard in Resources */ = {isa = PBXBuildFile; fileRef = 2F5CA3921EB1509F0049AF69 /* Main.storyboard */; };
		2F5CA3961EB1509F0049AF69 /* Assets.xcassets in Resources */ = {isa = PBXBuildFile; fileRef = 2F5CA3951EB1509F0049AF69 /* Assets.xcassets */; };
		2F5CA3991EB1509F0049AF69 /* LaunchScreen.storyboard in Resources */ = {isa = PBXBuildFile; fileRef = 2F5CA3971EB1509F0049AF69 /* LaunchScreen.storyboard */; };
		2F5CA3A11EB151EF0049AF69 /* PushedViewController.swift in Sources */ = {isa = PBXBuildFile; fileRef = 2F5CA3A01EB151EF0049AF69 /* PushedViewController.swift */; };
		2F5CA3A31EB15A270049AF69 /* PrintDeeply.swift in Sources */ = {isa = PBXBuildFile; fileRef = 2F5CA3A21EB15A270049AF69 /* PrintDeeply.swift */; };
		2F5CA3A71EB15AA80049AF69 /* TabBarController.swift in Sources */ = {isa = PBXBuildFile; fileRef = 2F5CA3A61EB15AA80049AF69 /* TabBarController.swift */; };
/* End PBXBuildFile section */

/* Begin PBXFileReference section */
		2F5CA3891EB1509F0049AF69 /* HidesBottomBarWhenPushed.app */ = {isa = PBXFileReference; explicitFileType = wrapper.application; includeInIndex = 0; path = HidesBottomBarWhenPushed.app; sourceTree = BUILT_PRODUCTS_DIR; };
		2F5CA38C1EB1509F0049AF69 /* AppDelegate.swift */ = {isa = PBXFileReference; lastKnownFileType = sourcecode.swift; path = AppDelegate.swift; sourceTree = "<group>"; };
		2F5CA3931EB1509F0049AF69 /* Base */ = {isa = PBXFileReference; lastKnownFileType = file.storyboard; name = Base; path = Base.lproj/Main.storyboard; sourceTree = "<group>"; };
		2F5CA3951EB1509F0049AF69 /* Assets.xcassets */ = {isa = PBXFileReference; lastKnownFileType = folder.assetcatalog; path = Assets.xcassets; sourceTree = "<group>"; };
		2F5CA3981EB1509F0049AF69 /* Base */ = {isa = PBXFileReference; lastKnownFileType = file.storyboard; name = Base; path = Base.lproj/LaunchScreen.storyboard; sourceTree = "<group>"; };
		2F5CA39A1EB1509F0049AF69 /* Info.plist */ = {isa = PBXFileReference; lastKnownFileType = text.plist.xml; path = Info.plist; sourceTree = "<group>"; };
		2F5CA3A01EB151EF0049AF69 /* PushedViewController.swift */ = {isa = PBXFileReference; fileEncoding = 4; lastKnownFileType = sourcecode.swift; path = PushedViewController.swift; sourceTree = "<group>"; };
		2F5CA3A21EB15A270049AF69 /* PrintDeeply.swift */ = {isa = PBXFileReference; fileEncoding = 4; lastKnownFileType = sourcecode.swift; path = PrintDeeply.swift; sourceTree = "<group>"; };
		2F5CA3A61EB15AA80049AF69 /* TabBarController.swift */ = {isa = PBXFileReference; fileEncoding = 4; lastKnownFileType = sourcecode.swift; path = TabBarController.swift; sourceTree = "<group>"; };
/* End PBXFileReference section */

/* Begin PBXFrameworksBuildPhase section */
		2F5CA3861EB1509F0049AF69 /* Frameworks */ = {
			isa = PBXFrameworksBuildPhase;
			buildActionMask = 2147483647;
			files = (
			);
			runOnlyForDeploymentPostprocessing = 0;
		};
/* End PBXFrameworksBuildPhase section */

/* Begin PBXGroup section */
		2F5CA3801EB1509F0049AF69 = {
			isa = PBXGroup;
			children = (
				2F5CA38B1EB1509F0049AF69 /* HidesBottomBarWhenPushed */,
				2F5CA38A1EB1509F0049AF69 /* Products */,
			);
			sourceTree = "<group>";
		};
		2F5CA38A1EB1509F0049AF69 /* Products */ = {
			isa = PBXGroup;
			children = (
				2F5CA3891EB1509F0049AF69 /* HidesBottomBarWhenPushed.app */,
			);
			name = Products;
			sourceTree = "<group>";
		};
		2F5CA38B1EB1509F0049AF69 /* HidesBottomBarWhenPushed */ = {
			isa = PBXGroup;
			children = (
				2F5CA38C1EB1509F0049AF69 /* AppDelegate.swift */,
				2F5CA3921EB1509F0049AF69 /* Main.storyboard */,
				2F5CA3951EB1509F0049AF69 /* Assets.xcassets */,
				2F5CA3971EB1509F0049AF69 /* LaunchScreen.storyboard */,
				2F5CA39A1EB1509F0049AF69 /* Info.plist */,
				2F5CA3A01EB151EF0049AF69 /* PushedViewController.swift */,
				2F5CA3A21EB15A270049AF69 /* PrintDeeply.swift */,
				2F5CA3A61EB15AA80049AF69 /* TabBarController.swift */,
			);
			path = HidesBottomBarWhenPushed;
			sourceTree = "<group>";
		};
/* End PBXGroup section */

/* Begin PBXNativeTarget section */
		2F5CA3881EB1509F0049AF69 /* HidesBottomBarWhenPushed */ = {
			isa = PBXNativeTarget;
			buildConfigurationList = 2F5CA39D1EB1509F0049AF69 /* Build configuration list for PBXNativeTarget "HidesBottomBarWhenPushed" */;
			buildPhases = (
				2F5CA3851EB1509F0049AF69 /* Sources */,
				2F5CA3861EB1509F0049AF69 /* Frameworks */,
				2F5CA3871EB1509F0049AF69 /* Resources */,
			);
			buildRules = (
			);
			dependencies = (
			);
			name = HidesBottomBarWhenPushed;
			productName = HidesBottomBarWhenPushed;
			productReference = 2F5CA3891EB1509F0049AF69 /* HidesBottomBarWhenPushed.app */;
			productType = "com.apple.product-type.application";
		};
/* End PBXNativeTarget section */

/* Begin PBXProject section */
		2F5CA3811EB1509F0049AF69 /* Project object */ = {
			isa = PBXProject;
			attributes = {
				LastSwiftUpdateCheck = 0830;
				LastUpgradeCheck = 0830;
				ORGANIZATIONNAME = Nezhyborets;
				TargetAttributes = {
					2F5CA3881EB1509F0049AF69 = {
						CreatedOnToolsVersion = 8.3.2;
						DevelopmentTeam = XJZ3EEE6AK;
						ProvisioningStyle = Automatic;
					};
				};
			};
			buildConfigurationList = 2F5CA3841EB1509F0049AF69 /* Build configuration list for PBXProject "HidesBottomBarWhenPushed" */;
			compatibilityVersion = "Xcode 3.2";
			developmentRegion = English;
			hasScannedForEncodings = 0;
			knownRegions = (
				en,
				Base,
			);
			mainGroup = 2F5CA3801EB1509F0049AF69;
			productRefGroup = 2F5CA38A1EB1509F0049AF69 /* Products */;
			projectDirPath = "";
			projectRoot = "";
			targets = (
				2F5CA3881EB1509F0049AF69 /* HidesBottomBarWhenPushed */,
			);
		};
/* End PBXProject section */

/* Begin PBXResourcesBuildPhase section */
		2F5CA3871EB1509F0049AF69 /* Resources */ = {
			isa = PBXResourcesBuildPhase;
			buildActionMask = 2147483647;
			files = (
				2F5CA3991EB1509F0049AF69 /* LaunchScreen.storyboard in Resources */,
				2F5CA3961EB1509F0049AF69 /* Assets.xcassets in Resources */,
				2F5CA3941EB1509F0049AF69 /* Main.storyboard in Resources */,
			);
			runOnlyForDeploymentPostprocessing = 0;
		};
/* End PBXResourcesBuildPhase section */

/* Begin PBXSourcesBuildPhase section */
		2F5CA3851EB1509F0049AF69 /* Sources */ = {
			isa = PBXSourcesBuildPhase;
			buildActionMask = 2147483647;
			files = (
				2F5CA38D1EB1509F0049AF69 /* AppDelegate.swift in Sources */,
				2F5CA3A71EB15AA80049AF69 /* TabBarController.swift in Sources */,
				2F5CA3A31EB15A270049AF69 /* PrintDeeply.swift in Sources */,
				2F5CA3A11EB151EF0049AF69 /* PushedViewController.swift in Sources */,
			);
			runOnlyForDeploymentPostprocessing = 0;
		};
/* End PBXSourcesBuildPhase section */

/* Begin PBXVariantGroup section */
		2F5CA3921EB1509F0049AF69 /* Main.storyboard */ = {
			isa = PBXVariantGroup;
			children = (
				2F5CA3931EB1509F0049AF69 /* Base */,
			);
			name = Main.storyboard;
			sourceTree = "<group>";
		};
		2F5CA3971EB1509F0049AF69 /* LaunchScreen.storyboard */ = {
			isa = PBXVariantGroup;
			children = (
				2F5CA3981EB1509F0049AF69 /* Base */,
			);
			name = LaunchScreen.storyboard;
			sourceTree = "<group>";
		};
/* End PBXVariantGroup section */

/* Begin XCBuildConfiguration section */
		2F5CA39B1EB1509F0049AF69 /* Debug */ = {
			isa = XCBuildConfiguration;
			buildSettings = {
				ALWAYS_SEARCH_USER_PATHS = NO;
				CLANG_ANALYZER_NONNULL = YES;
				CLANG_ANALYZER_NUMBER_OBJECT_CONVERSION = YES_AGGRESSIVE;
				CLANG_CXX_LANGUAGE_STANDARD = "gnu++0x";
				CLANG_CXX_LIBRARY = "libc++";
				CLANG_ENABLE_MODULES = YES;
				CLANG_ENABLE_OBJC_ARC = YES;
				CLANG_WARN_BOOL_CONVERSION = YES;
				CLANG_WARN_CONSTANT_CONVERSION = YES;
				CLANG_WARN_DIRECT_OBJC_ISA_USAGE = YES_ERROR;
				CLANG_WARN_DOCUMENTATION_COMMENTS = YES;
				CLANG_WARN_EMPTY_BODY = YES;
				CLANG_WARN_ENUM_CONVERSION = YES;
				CLANG_WARN_INFINITE_RECURSION = YES;
				CLANG_WARN_INT_CONVERSION = YES;
				CLANG_WARN_OBJC_ROOT_CLASS = YES_ERROR;
				CLANG_WARN_SUSPICIOUS_MOVE = YES;
				CLANG_WARN_UNREACHABLE_CODE = YES;
				CLANG_WARN__DUPLICATE_METHOD_MATCH = YES;
				"CODE_SIGN_IDENTITY[sdk=iphoneos*]" = "iPhone Developer";
				COPY_PHASE_STRIP = NO;
				DEBUG_INFORMATION_FORMAT = dwarf;
				ENABLE_STRICT_OBJC_MSGSEND = YES;
				ENABLE_TESTABILITY = YES;
				GCC_C_LANGUAGE_STANDARD = gnu99;
				GCC_DYNAMIC_NO_PIC = NO;
				GCC_NO_COMMON_BLOCKS = YES;
				GCC_OPTIMIZATION_LEVEL = 0;
				GCC_PREPROCESSOR_DEFINITIONS = (
					"DEBUG=1",
					"$(inherited)",
				);
				GCC_WARN_64_TO_32_BIT_CONVERSION = YES;
				GCC_WARN_ABOUT_RETURN_TYPE = YES_ERROR;
				GCC_WARN_UNDECLARED_SELECTOR = YES;
				GCC_WARN_UNINITIALIZED_AUTOS = YES_AGGRESSIVE;
				GCC_WARN_UNUSED_FUNCTION = YES;
				GCC_WARN_UNUSED_VARIABLE = YES;
				IPHONEOS_DEPLOYMENT_TARGET = 10.3;
				MTL_ENABLE_DEBUG_INFO = YES;
				ONLY_ACTIVE_ARCH = YES;
				SDKROOT = iphoneos;
				SWIFT_ACTIVE_COMPILATION_CONDITIONS = DEBUG;
				SWIFT_OPTIMIZATION_LEVEL = "-Onone";
			};
			name = Debug;
		};
		2F5CA39C1EB1509F0049AF69 /* Release */ = {
			isa = XCBuildConfiguration;
			buildSettings = {
				ALWAYS_SEARCH_USER_PATHS = NO;
				CLANG_ANALYZER_NONNULL = YES;
				CLANG_ANALYZER_NUMBER_OBJECT_CONVERSION = YES_AGGRESSIVE;
				CLANG_CXX_LANGUAGE_STANDARD = "gnu++0x";
				CLANG_CXX_LIBRARY = "libc++";
				CLANG_ENABLE_MODULES = YES;
				CLANG_ENABLE_OBJC_ARC = YES;
				CLANG_WARN_BOOL_CONVERSION = YES;
				CLANG_WARN_CONSTANT_CONVERSION = YES;
				CLANG_WARN_DIRECT_OBJC_ISA_USAGE = YES_ERROR;
				CLANG_WARN_DOCUMENTATION_COMMENTS = YES;
				CLANG_WARN_EMPTY_BODY = YES;
				CLANG_WARN_ENUM_CONVERSION = YES;
				CLANG_WARN_INFINITE_RECURSION = YES;
				CLANG_WARN_INT_CONVERSION = YES;
				CLANG_WARN_OBJC_ROOT_CLASS = YES_ERROR;
				CLANG_WARN_SUSPICIOUS_MOVE = YES;
				CLANG_WARN_UNREACHABLE_CODE = YES;
				CLANG_WARN__DUPLICATE_METHOD_MATCH = YES;
				"CODE_SIGN_IDENTITY[sdk=iphoneos*]" = "iPhone Developer";
				COPY_PHASE_STRIP = NO;
				DEBUG_INFORMATION_FORMAT = "dwarf-with-dsym";
				ENABLE_NS_ASSERTIONS = NO;
				ENABLE_STRICT_OBJC_MSGSEND = YES;
				GCC_C_LANGUAGE_STANDARD = gnu99;
				GCC_NO_COMMON_BLOCKS = YES;
				GCC_WARN_64_TO_32_BIT_CONVERSION = YES;
				GCC_WARN_ABOUT_RETURN_TYPE = YES_ERROR;
				GCC_WARN_UNDECLARED_SELECTOR = YES;
				GCC_WARN_UNINITIALIZED_AUTOS = YES_AGGRESSIVE;
				GCC_WARN_UNUSED_FUNCTION = YES;
				GCC_WARN_UNUSED_VARIABLE = YES;
				IPHONEOS_DEPLOYMENT_TARGET = 10.3;
				MTL_ENABLE_DEBUG_INFO = NO;
				SDKROOT = iphoneos;
				SWIFT_OPTIMIZATION_LEVEL = "-Owholemodule";
				VALIDATE_PRODUCT = YES;
			};
			name = Release;
		};
		2F5CA39E1EB1509F0049AF69 /* Debug */ = {
			isa = XCBuildConfiguration;
			buildSettings = {
				ASSETCATALOG_COMPILER_APPICON_NAME = AppIcon;
				DEVELOPMENT_TEAM = XJZ3EEE6AK;
				INFOPLIST_FILE = HidesBottomBarWhenPushed/Info.plist;
				LD_RUNPATH_SEARCH_PATHS = "$(inherited) @executable_path/Frameworks";
				PRODUCT_BUNDLE_IDENTIFIER = com.nezhyborets.HidesBottomBarWhenPushed;
				PRODUCT_NAME = "$(TARGET_NAME)";
				SWIFT_VERSION = 3.0;
			};
			name = Debug;
		};
		2F5CA39F1EB1509F0049AF69 /* Release */ = {
			isa = XCBuildConfiguration;
			buildSettings = {
				ASSETCATALOG_COMPILER_APPICON_NAME = AppIcon;
				DEVELOPMENT_TEAM = XJZ3EEE6AK;
				INFOPLIST_FILE = HidesBottomBarWhenPushed/Info.plist;
				LD_RUNPATH_SEARCH_PATHS = "$(inherited) @executable_path/Frameworks";
				PRODUCT_BUNDLE_IDENTIFIER = com.nezhyborets.HidesBottomBarWhenPushed;
				PRODUCT_NAME = "$(TARGET_NAME)";
				SWIFT_VERSION = 3.0;
			};
			name = Release;
		};
/* End XCBuildConfiguration section */

/* Begin XCConfigurationList section */
		2F5CA3841EB1509F0049AF69 /* Build configuration list for PBXProject "HidesBottomBarWhenPushed" */ = {
			isa = XCConfigurationList;
			buildConfigurations = (
				2F5CA39B1EB1509F0049AF69 /* Debug */,
				2F5CA39C1EB1509F0049AF69 /* Release */,
			);
			defaultConfigurationIsVisible = 0;
			defaultConfigurationName = Release;
		};
		2F5CA39D1EB1509F0049AF69 /* Build configuration list for PBXNativeTarget "HidesBottomBarWhenPushed" */ = {
			isa = XCConfigurationList;
			buildConfigurations = (
				2F5CA39E1EB1509F0049AF69 /* Debug */,
				2F5CA39F1EB1509F0049AF69 /* Release */,
			);
			defaultConfigurationIsVisible = 0;
		};
/* End XCConfigurationList section */
	};
	rootObject = 2F5CA3811EB1509F0049AF69 /* Project object */;
}
