// !$*UTF8*$!
{
	archiveVersion = 1;
	classes = {
	};
	objectVersion = 48;
	objects = {

/* Begin PBXBuildFile section */
		CC376FC7206B8CAB00B8FC47 /* AppDelegate.swift in Sources */ = {isa = PBXBuildFile; fileRef = CC376FC6206B8CAB00B8FC47 /* AppDelegate.swift */; };
		CC376FC9206B8CAB00B8FC47 /* ViewController.swift in Sources */ = {isa = PBXBuildFile; fileRef = CC376FC8206B8CAB00B8FC47 /* ViewController.swift */; };
		CC376FCC206B8CAB00B8FC47 /* Main.storyboard in Resources */ = {isa = PBXBuildFile; fileRef = CC376FCA206B8CAB00B8FC47 /* Main.storyboard */; };
		CC376FCE206B8CAB00B8FC47 /* Assets.xcassets in Resources */ = {isa = PBXBuildFile; fileRef = CC376FCD206B8CAB00B8FC47 /* Assets.xcassets */; };
		CC376FD1206B8CAB00B8FC47 /* LaunchScreen.storyboard in Resources */ = {isa = PBXBuildFile; fileRef = CC376FCF206B8CAB00B8FC47 /* LaunchScreen.storyboard */; };
/* End PBXBuildFile section */

/* Begin PBXFileReference section */
		CC376FC3206B8CAA00B8FC47 /* SizeProportionalToSizeWithinMargins.app */ = {isa = PBXFileReference; explicitFileType = wrapper.application; includeInIndex = 0; path = SizeProportionalToSizeWithinMargins.app; sourceTree = BUILT_PRODUCTS_DIR; };
		CC376FC6206B8CAB00B8FC47 /* AppDelegate.swift */ = {isa = PBXFileReference; lastKnownFileType = sourcecode.swift; path = AppDelegate.swift; sourceTree = "<group>"; };
		CC376FC8206B8CAB00B8FC47 /* ViewController.swift */ = {isa = PBXFileReference; lastKnownFileType = sourcecode.swift; path = ViewController.swift; sourceTree = "<group>"; };
		CC376FCB206B8CAB00B8FC47 /* Base */ = {isa = PBXFileReference; lastKnownFileType = file.storyboard; name = Base; path = Base.lproj/Main.storyboard; sourceTree = "<group>"; };
		CC376FCD206B8CAB00B8FC47 /* Assets.xcassets */ = {isa = PBXFileReference; lastKnownFileType = folder.assetcatalog; path = Assets.xcassets; sourceTree = "<group>"; };
		CC376FD0206B8CAB00B8FC47 /* Base */ = {isa = PBXFileReference; lastKnownFileType = file.storyboard; name = Base; path = Base.lproj/LaunchScreen.storyboard; sourceTree = "<group>"; };
		CC376FD2206B8CAB00B8FC47 /* Info.plist */ = {isa = PBXFileReference; lastKnownFileType = text.plist.xml; path = Info.plist; sourceTree = "<group>"; };
/* End PBXFileReference section */

/* Begin PBXFrameworksBuildPhase section */
		CC376FC0206B8CAA00B8FC47 /* Frameworks */ = {
			isa = PBXFrameworksBuildPhase;
			buildActionMask = 2147483647;
			files = (
			);
			runOnlyForDeploymentPostprocessing = 0;
		};
/* End PBXFrameworksBuildPhase section */

/* Begin PBXGroup section */
		CC376FBA206B8CAA00B8FC47 = {
			isa = PBXGroup;
			children = (
				CC376FC5206B8CAA00B8FC47 /* SizeProportionalToSizeWithinMargins */,
				CC376FC4206B8CAA00B8FC47 /* Products */,
			);
			sourceTree = "<group>";
		};
		CC376FC4206B8CAA00B8FC47 /* Products */ = {
			isa = PBXGroup;
			children = (
				CC376FC3206B8CAA00B8FC47 /* SizeProportionalToSizeWithinMargins.app */,
			);
			name = Products;
			sourceTree = "<group>";
		};
		CC376FC5206B8CAA00B8FC47 /* SizeProportionalToSizeWithinMargins */ = {
			isa = PBXGroup;
			children = (
				CC376FC6206B8CAB00B8FC47 /* AppDelegate.swift */,
				CC376FC8206B8CAB00B8FC47 /* ViewController.swift */,
				CC376FCA206B8CAB00B8FC47 /* Main.storyboard */,
				CC376FCD206B8CAB00B8FC47 /* Assets.xcassets */,
				CC376FCF206B8CAB00B8FC47 /* LaunchScreen.storyboard */,
				CC376FD2206B8CAB00B8FC47 /* Info.plist */,
			);
			path = SizeProportionalToSizeWithinMargins;
			sourceTree = "<group>";
		};
/* End PBXGroup section */

/* Begin PBXNativeTarget section */
		CC376FC2206B8CAA00B8FC47 /* SizeProportionalToSizeWithinMargins */ = {
			isa = PBXNativeTarget;
			buildConfigurationList = CC376FD5206B8CAB00B8FC47 /* Build configuration list for PBXNativeTarget "SizeProportionalToSizeWithinMargins" */;
			buildPhases = (
				CC376FBF206B8CAA00B8FC47 /* Sources */,
				CC376FC0206B8CAA00B8FC47 /* Frameworks */,
				CC376FC1206B8CAA00B8FC47 /* Resources */,
			);
			buildRules = (
			);
			dependencies = (
			);
			name = SizeProportionalToSizeWithinMargins;
			productName = SizeProportionalToSizeWithinMargins;
			productReference = CC376FC3206B8CAA00B8FC47 /* SizeProportionalToSizeWithinMargins.app */;
			productType = "com.apple.product-type.application";
		};
/* End PBXNativeTarget section */

/* Begin PBXProject section */
		CC376FBB206B8CAA00B8FC47 /* Project object */ = {
			isa = PBXProject;
			attributes = {
				LastSwiftUpdateCheck = 0920;
				LastUpgradeCheck = 0920;
				ORGANIZATIONNAME = "Nezhyborets Oleksii";
				TargetAttributes = {
					CC376FC2206B8CAA00B8FC47 = {
						CreatedOnToolsVersion = 9.2;
						ProvisioningStyle = Automatic;
					};
				};
			};
			buildConfigurationList = CC376FBE206B8CAA00B8FC47 /* Build configuration list for PBXProject "SizeProportionalToSizeWithinMargins" */;
			compatibilityVersion = "Xcode 8.0";
			developmentRegion = en;
			hasScannedForEncodings = 0;
			knownRegions = (
				en,
				Base,
			);
			mainGroup = CC376FBA206B8CAA00B8FC47;
			productRefGroup = CC376FC4206B8CAA00B8FC47 /* Products */;
			projectDirPath = "";
			projectRoot = "";
			targets = (
				CC376FC2206B8CAA00B8FC47 /* SizeProportionalToSizeWithinMargins */,
			);
		};
/* End PBXProject section */

/* Begin PBXResourcesBuildPhase section */
		CC376FC1206B8CAA00B8FC47 /* Resources */ = {
			isa = PBXResourcesBuildPhase;
			buildActionMask = 2147483647;
			files = (
				CC376FD1206B8CAB00B8FC47 /* LaunchScreen.storyboard in Resources */,
				CC376FCE206B8CAB00B8FC47 /* Assets.xcassets in Resources */,
				CC376FCC206B8CAB00B8FC47 /* Main.storyboard in Resources */,
			);
			runOnlyForDeploymentPostprocessing = 0;
		};
/* End PBXResourcesBuildPhase section */

/* Begin PBXSourcesBuildPhase section */
		CC376FBF206B8CAA00B8FC47 /* Sources */ = {
			isa = PBXSourcesBuildPhase;
			buildActionMask = 2147483647;
			files = (
				CC376FC9206B8CAB00B8FC47 /* ViewController.swift in Sources */,
				CC376FC7206B8CAB00B8FC47 /* AppDelegate.swift in Sources */,
			);
			runOnlyForDeploymentPostprocessing = 0;
		};
/* End PBXSourcesBuildPhase section */

/* Begin PBXVariantGroup section */
		CC376FCA206B8CAB00B8FC47 /* Main.storyboard */ = {
			isa = PBXVariantGroup;
			children = (
				CC376FCB206B8CAB00B8FC47 /* Base */,
			);
			name = Main.storyboard;
			sourceTree = "<group>";
		};
		CC376FCF206B8CAB00B8FC47 /* LaunchScreen.storyboard */ = {
			isa = PBXVariantGroup;
			children = (
				CC376FD0206B8CAB00B8FC47 /* Base */,
			);
			name = LaunchScreen.storyboard;
			sourceTree = "<group>";
		};
/* End PBXVariantGroup section */

/* Begin XCBuildConfiguration section */
		CC376FD3206B8CAB00B8FC47 /* Debug */ = {
			isa = XCBuildConfiguration;
			buildSettings = {
				ALWAYS_SEARCH_USER_PATHS = NO;
				CLANG_ANALYZER_NONNULL = YES;
				CLANG_ANALYZER_NUMBER_OBJECT_CONVERSION = YES_AGGRESSIVE;
				CLANG_CXX_LANGUAGE_STANDARD = "gnu++14";
				CLANG_CXX_LIBRARY = "libc++";
				CLANG_ENABLE_MODULES = YES;
				CLANG_ENABLE_OBJC_ARC = YES;
				CLANG_WARN_BLOCK_CAPTURE_AUTORELEASING = YES;
				CLANG_WARN_BOOL_CONVERSION = YES;
				CLANG_WARN_COMMA = YES;
				CLANG_WARN_CONSTANT_CONVERSION = YES;
				CLANG_WARN_DIRECT_OBJC_ISA_USAGE = YES_ERROR;
				CLANG_WARN_DOCUMENTATION_COMMENTS = YES;
				CLANG_WARN_EMPTY_BODY = YES;
				CLANG_WARN_ENUM_CONVERSION = YES;
				CLANG_WARN_INFINITE_RECURSION = YES;
				CLANG_WARN_INT_CONVERSION = YES;
				CLANG_WARN_NON_LITERAL_NULL_CONVERSION = YES;
				CLANG_WARN_OBJC_LITERAL_CONVERSION = YES;
				CLANG_WARN_OBJC_ROOT_CLASS = YES_ERROR;
				CLANG_WARN_RANGE_LOOP_ANALYSIS = YES;
				CLANG_WARN_STRICT_PROTOTYPES = YES;
				CLANG_WARN_SUSPICIOUS_MOVE = YES;
				CLANG_WARN_UNGUARDED_AVAILABILITY = YES_AGGRESSIVE;
				CLANG_WARN_UNREACHABLE_CODE = YES;
				CLANG_WARN__DUPLICATE_METHOD_MATCH = YES;
				CODE_SIGN_IDENTITY = "iPhone Developer";
				COPY_PHASE_STRIP = NO;
				DEBUG_INFORMATION_FORMAT = dwarf;
				ENABLE_STRICT_OBJC_MSGSEND = YES;
				ENABLE_TESTABILITY = YES;
				GCC_C_LANGUAGE_STANDARD = gnu11;
				GCC_DYNAMIC_NO_PIC = NO;
				GCC_NO_COMMON_BLOCKS = YES;
				GCC_OPTIMIZATION_LEVEL = 0;
				GCC_PREPROCESSOR_DEFINITIONS = (
					"DEBUG=1",
					"$(inherited)",
				);
				GCC_WARN_64_TO_32_BIT_CONVERSION = YES;
				GCC_WARN_ABOUT_RETURN_TYPE = YES_ERROR;
				GCC_WARN_UNDECLARED_SELECTOR = YES;
				GCC_WARN_UNINITIALIZED_AUTOS = YES_AGGRESSIVE;
				GCC_WARN_UNUSED_FUNCTION = YES;
				GCC_WARN_UNUSED_VARIABLE = YES;
				IPHONEOS_DEPLOYMENT_TARGET = 11.2;
				MTL_ENABLE_DEBUG_INFO = YES;
				ONLY_ACTIVE_ARCH = YES;
				SDKROOT = iphoneos;
				SWIFT_ACTIVE_COMPILATION_CONDITIONS = DEBUG;
				SWIFT_OPTIMIZATION_LEVEL = "-Onone";
			};
			name = Debug;
		};
		CC376FD4206B8CAB00B8FC47 /* Release */ = {
			isa = XCBuildConfiguration;
			buildSettings = {
				ALWAYS_SEARCH_USER_PATHS = NO;
				CLANG_ANALYZER_NONNULL = YES;
				CLANG_ANALYZER_NUMBER_OBJECT_CONVERSION = YES_AGGRESSIVE;
				CLANG_CXX_LANGUAGE_STANDARD = "gnu++14";
				CLANG_CXX_LIBRARY = "libc++";
				CLANG_ENABLE_MODULES = YES;
				CLANG_ENABLE_OBJC_ARC = YES;
				CLANG_WARN_BLOCK_CAPTURE_AUTORELEASING = YES;
				CLANG_WARN_BOOL_CONVERSION = YES;
				CLANG_WARN_COMMA = YES;
				CLANG_WARN_CONSTANT_CONVERSION = YES;
				CLANG_WARN_DIRECT_OBJC_ISA_USAGE = YES_ERROR;
				CLANG_WARN_DOCUMENTATION_COMMENTS = YES;
				CLANG_WARN_EMPTY_BODY = YES;
				CLANG_WARN_ENUM_CONVERSION = YES;
				CLANG_WARN_INFINITE_RECURSION = YES;
				CLANG_WARN_INT_CONVERSION = YES;
				CLANG_WARN_NON_LITERAL_NULL_CONVERSION = YES;
				CLANG_WARN_OBJC_LITERAL_CONVERSION = YES;
				CLANG_WARN_OBJC_ROOT_CLASS = YES_ERROR;
				CLANG_WARN_RANGE_LOOP_ANALYSIS = YES;
				CLANG_WARN_STRICT_PROTOTYPES = YES;
				CLANG_WARN_SUSPICIOUS_MOVE = YES;
				CLANG_WARN_UNGUARDED_AVAILABILITY = YES_AGGRESSIVE;
				CLANG_WARN_UNREACHABLE_CODE = YES;
				CLANG_WARN__DUPLICATE_METHOD_MATCH = YES;
				CODE_SIGN_IDENTITY = "iPhone Developer";
				COPY_PHASE_STRIP = NO;
				DEBUG_INFORMATION_FORMAT = "dwarf-with-dsym";
				ENABLE_NS_ASSERTIONS = NO;
				ENABLE_STRICT_OBJC_MSGSEND = YES;
				GCC_C_LANGUAGE_STANDARD = gnu11;
				GCC_NO_COMMON_BLOCKS = YES;
				GCC_WARN_64_TO_32_BIT_CONVERSION = YES;
				GCC_WARN_ABOUT_RETURN_TYPE = YES_ERROR;
				GCC_WARN_UNDECLARED_SELECTOR = YES;
				GCC_WARN_UNINITIALIZED_AUTOS = YES_AGGRESSIVE;
				GCC_WARN_UNUSED_FUNCTION = YES;
				GCC_WARN_UNUSED_VARIABLE = YES;
				IPHONEOS_DEPLOYMENT_TARGET = 11.2;
				MTL_ENABLE_DEBUG_INFO = NO;
				SDKROOT = iphoneos;
				SWIFT_OPTIMIZATION_LEVEL = "-Owholemodule";
				VALIDATE_PRODUCT = YES;
			};
			name = Release;
		};
		CC376FD6206B8CAB00B8FC47 /* Debug */ = {
			isa = XCBuildConfiguration;
			buildSettings = {
				ASSETCATALOG_COMPILER_APPICON_NAME = AppIcon;
				CODE_SIGN_STYLE = Automatic;
				DEVELOPMENT_TEAM = XJZ3EEE6AK;
				INFOPLIST_FILE = SizeProportionalToSizeWithinMargins/Info.plist;
				LD_RUNPATH_SEARCH_PATHS = "$(inherited) @executable_path/Frameworks";
				PRODUCT_BUNDLE_IDENTIFIER = "nezhyborets-test.SizeProportionalToSizeWithinMargins";
				PRODUCT_NAME = "$(TARGET_NAME)";
				SWIFT_VERSION = 4.0;
				TARGETED_DEVICE_FAMILY = "1,2";
			};
			name = Debug;
		};
		CC376FD7206B8CAB00B8FC47 /* Release */ = {
			isa = XCBuildConfiguration;
			buildSettings = {
				ASSETCATALOG_COMPILER_APPICON_NAME = AppIcon;
				CODE_SIGN_STYLE = Automatic;
				DEVELOPMENT_TEAM = XJZ3EEE6AK;
				INFOPLIST_FILE = SizeProportionalToSizeWithinMargins/Info.plist;
				LD_RUNPATH_SEARCH_PATHS = "$(inherited) @executable_path/Frameworks";
				PRODUCT_BUNDLE_IDENTIFIER = "nezhyborets-test.SizeProportionalToSizeWithinMargins";
				PRODUCT_NAME = "$(TARGET_NAME)";
				SWIFT_VERSION = 4.0;
				TARGETED_DEVICE_FAMILY = "1,2";
			};
			name = Release;
		};
/* End XCBuildConfiguration section */

/* Begin XCConfigurationList section */
		CC376FBE206B8CAA00B8FC47 /* Build configuration list for PBXProject "SizeProportionalToSizeWithinMargins" */ = {
			isa = XCConfigurationList;
			buildConfigurations = (
				CC376FD3206B8CAB00B8FC47 /* Debug */,
				CC376FD4206B8CAB00B8FC47 /* Release */,
			);
			defaultConfigurationIsVisible = 0;
			defaultConfigurationName = Release;
		};
		CC376FD5206B8CAB00B8FC47 /* Build configuration list for PBXNativeTarget "SizeProportionalToSizeWithinMargins" */ = {
			isa = XCConfigurationList;
			buildConfigurations = (
				CC376FD6206B8CAB00B8FC47 /* Debug */,
				CC376FD7206B8CAB00B8FC47 /* Release */,
			);
			defaultConfigurationIsVisible = 0;
			defaultConfigurationName = Release;
		};
/* End XCConfigurationList section */
	};
	rootObject = CC376FBB206B8CAA00B8FC47 /* Project object */;
}
