// !$*UTF8*$!
{
	archiveVersion = 1;
	classes = {
	};
	objectVersion = 50;
	objects = {

/* Begin PBXBuildFile section */
		CCAF98B423FDA95700B04DA3 /* AppDelegate.swift in Sources */ = {isa = PBXBuildFile; fileRef = CCAF98B323FDA95700B04DA3 /* AppDelegate.swift */; };
		CCAF98B623FDA95700B04DA3 /* SceneDelegate.swift in Sources */ = {isa = PBXBuildFile; fileRef = CCAF98B523FDA95700B04DA3 /* SceneDelegate.swift */; };
		CCAF98B823FDA95700B04DA3 /* ViewController.swift in Sources */ = {isa = PBXBuildFile; fileRef = CCAF98B723FDA95700B04DA3 /* ViewController.swift */; };
		CCAF98BB23FDA95700B04DA3 /* Main.storyboard in Resources */ = {isa = PBXBuildFile; fileRef = CCAF98B923FDA95700B04DA3 /* Main.storyboard */; };
		CCAF98BD23FDA95900B04DA3 /* Assets.xcassets in Resources */ = {isa = PBXBuildFile; fileRef = CCAF98BC23FDA95900B04DA3 /* Assets.xcassets */; };
		CCAF98C023FDA95900B04DA3 /* LaunchScreen.storyboard in Resources */ = {isa = PBXBuildFile; fileRef = CCAF98BE23FDA95900B04DA3 /* LaunchScreen.storyboard */; };
		CCAF98C823FDAAA200B04DA3 /* DetailViewController.swift in Sources */ = {isa = PBXBuildFile; fileRef = CCAF98C723FDAAA200B04DA3 /* DetailViewController.swift */; };
		CCAF98CA23FDAF4300B04DA3 /* WaterfallLayout.swift in Sources */ = {isa = PBXBuildFile; fileRef = CCAF98C923FDAF4300B04DA3 /* WaterfallLayout.swift */; };
/* End PBXBuildFile section */

/* Begin PBXFileReference section */
		CCAF98B023FDA95700B04DA3 /* NonFrontmostCollectionViewCellForItem.app */ = {isa = PBXFileReference; explicitFileType = wrapper.application; includeInIndex = 0; path = NonFrontmostCollectionViewCellForItem.app; sourceTree = BUILT_PRODUCTS_DIR; };
		CCAF98B323FDA95700B04DA3 /* AppDelegate.swift */ = {isa = PBXFileReference; lastKnownFileType = sourcecode.swift; path = AppDelegate.swift; sourceTree = "<group>"; };
		CCAF98B523FDA95700B04DA3 /* SceneDelegate.swift */ = {isa = PBXFileReference; lastKnownFileType = sourcecode.swift; path = SceneDelegate.swift; sourceTree = "<group>"; };
		CCAF98B723FDA95700B04DA3 /* ViewController.swift */ = {isa = PBXFileReference; lastKnownFileType = sourcecode.swift; path = ViewController.swift; sourceTree = "<group>"; };
		CCAF98BA23FDA95700B04DA3 /* Base */ = {isa = PBXFileReference; lastKnownFileType = file.storyboard; name = Base; path = Base.lproj/Main.storyboard; sourceTree = "<group>"; };
		CCAF98BC23FDA95900B04DA3 /* Assets.xcassets */ = {isa = PBXFileReference; lastKnownFileType = folder.assetcatalog; path = Assets.xcassets; sourceTree = "<group>"; };
		CCAF98BF23FDA95900B04DA3 /* Base */ = {isa = PBXFileReference; lastKnownFileType = file.storyboard; name = Base; path = Base.lproj/LaunchScreen.storyboard; sourceTree = "<group>"; };
		CCAF98C123FDA95900B04DA3 /* Info.plist */ = {isa = PBXFileReference; lastKnownFileType = text.plist.xml; path = Info.plist; sourceTree = "<group>"; };
		CCAF98C723FDAAA200B04DA3 /* DetailViewController.swift */ = {isa = PBXFileReference; lastKnownFileType = sourcecode.swift; path = DetailViewController.swift; sourceTree = "<group>"; };
		CCAF98C923FDAF4300B04DA3 /* WaterfallLayout.swift */ = {isa = PBXFileReference; fileEncoding = 4; lastKnownFileType = sourcecode.swift; path = WaterfallLayout.swift; sourceTree = "<group>"; };
/* End PBXFileReference section */

/* Begin PBXFrameworksBuildPhase section */
		CCAF98AD23FDA95700B04DA3 /* Frameworks */ = {
			isa = PBXFrameworksBuildPhase;
			buildActionMask = 2147483647;
			files = (
			);
			runOnlyForDeploymentPostprocessing = 0;
		};
/* End PBXFrameworksBuildPhase section */

/* Begin PBXGroup section */
		CCAF98A723FDA95700B04DA3 = {
			isa = PBXGroup;
			children = (
				CCAF98B223FDA95700B04DA3 /* NonFrontmostCollectionViewCellForItem */,
				CCAF98B123FDA95700B04DA3 /* Products */,
			);
			sourceTree = "<group>";
		};
		CCAF98B123FDA95700B04DA3 /* Products */ = {
			isa = PBXGroup;
			children = (
				CCAF98B023FDA95700B04DA3 /* NonFrontmostCollectionViewCellForItem.app */,
			);
			name = Products;
			sourceTree = "<group>";
		};
		CCAF98B223FDA95700B04DA3 /* NonFrontmostCollectionViewCellForItem */ = {
			isa = PBXGroup;
			children = (
				CCAF98C923FDAF4300B04DA3 /* WaterfallLayout.swift */,
				CCAF98B323FDA95700B04DA3 /* AppDelegate.swift */,
				CCAF98B523FDA95700B04DA3 /* SceneDelegate.swift */,
				CCAF98B723FDA95700B04DA3 /* ViewController.swift */,
				CCAF98C723FDAAA200B04DA3 /* DetailViewController.swift */,
				CCAF98B923FDA95700B04DA3 /* Main.storyboard */,
				CCAF98BC23FDA95900B04DA3 /* Assets.xcassets */,
				CCAF98BE23FDA95900B04DA3 /* LaunchScreen.storyboard */,
				CCAF98C123FDA95900B04DA3 /* Info.plist */,
			);
			path = NonFrontmostCollectionViewCellForItem;
			sourceTree = "<group>";
		};
/* End PBXGroup section */

/* Begin PBXNativeTarget section */
		CCAF98AF23FDA95700B04DA3 /* NonFrontmostCollectionViewCellForItem */ = {
			isa = PBXNativeTarget;
			buildConfigurationList = CCAF98C423FDA95900B04DA3 /* Build configuration list for PBXNativeTarget "NonFrontmostCollectionViewCellForItem" */;
			buildPhases = (
				CCAF98AC23FDA95700B04DA3 /* Sources */,
				CCAF98AD23FDA95700B04DA3 /* Frameworks */,
				CCAF98AE23FDA95700B04DA3 /* Resources */,
			);
			buildRules = (
			);
			dependencies = (
			);
			name = NonFrontmostCollectionViewCellForItem;
			productName = NonFrontmostCollectionViewCellForItem;
			productReference = CCAF98B023FDA95700B04DA3 /* NonFrontmostCollectionViewCellForItem.app */;
			productType = "com.apple.product-type.application";
		};
/* End PBXNativeTarget section */

/* Begin PBXProject section */
		CCAF98A823FDA95700B04DA3 /* Project object */ = {
			isa = PBXProject;
			attributes = {
				LastSwiftUpdateCheck = 1130;
				LastUpgradeCheck = 1130;
				ORGANIZATIONNAME = nezhyborets;
				TargetAttributes = {
					CCAF98AF23FDA95700B04DA3 = {
						CreatedOnToolsVersion = 11.3.1;
					};
				};
			};
			buildConfigurationList = CCAF98AB23FDA95700B04DA3 /* Build configuration list for PBXProject "NonFrontmostCollectionViewCellForItem" */;
			compatibilityVersion = "Xcode 9.3";
			developmentRegion = en;
			hasScannedForEncodings = 0;
			knownRegions = (
				en,
				Base,
			);
			mainGroup = CCAF98A723FDA95700B04DA3;
			productRefGroup = CCAF98B123FDA95700B04DA3 /* Products */;
			projectDirPath = "";
			projectRoot = "";
			targets = (
				CCAF98AF23FDA95700B04DA3 /* NonFrontmostCollectionViewCellForItem */,
			);
		};
/* End PBXProject section */

/* Begin PBXResourcesBuildPhase section */
		CCAF98AE23FDA95700B04DA3 /* Resources */ = {
			isa = PBXResourcesBuildPhase;
			buildActionMask = 2147483647;
			files = (
				CCAF98C023FDA95900B04DA3 /* LaunchScreen.storyboard in Resources */,
				CCAF98BD23FDA95900B04DA3 /* Assets.xcassets in Resources */,
				CCAF98BB23FDA95700B04DA3 /* Main.storyboard in Resources */,
			);
			runOnlyForDeploymentPostprocessing = 0;
		};
/* End PBXResourcesBuildPhase section */

/* Begin PBXSourcesBuildPhase section */
		CCAF98AC23FDA95700B04DA3 /* Sources */ = {
			isa = PBXSourcesBuildPhase;
			buildActionMask = 2147483647;
			files = (
				CCAF98B823FDA95700B04DA3 /* ViewController.swift in Sources */,
				CCAF98B423FDA95700B04DA3 /* AppDelegate.swift in Sources */,
				CCAF98B623FDA95700B04DA3 /* SceneDelegate.swift in Sources */,
				CCAF98CA23FDAF4300B04DA3 /* WaterfallLayout.swift in Sources */,
				CCAF98C823FDAAA200B04DA3 /* DetailViewController.swift in Sources */,
			);
			runOnlyForDeploymentPostprocessing = 0;
		};
/* End PBXSourcesBuildPhase section */

/* Begin PBXVariantGroup section */
		CCAF98B923FDA95700B04DA3 /* Main.storyboard */ = {
			isa = PBXVariantGroup;
			children = (
				CCAF98BA23FDA95700B04DA3 /* Base */,
			);
			name = Main.storyboard;
			sourceTree = "<group>";
		};
		CCAF98BE23FDA95900B04DA3 /* LaunchScreen.storyboard */ = {
			isa = PBXVariantGroup;
			children = (
				CCAF98BF23FDA95900B04DA3 /* Base */,
			);
			name = LaunchScreen.storyboard;
			sourceTree = "<group>";
		};
/* End PBXVariantGroup section */

/* Begin XCBuildConfiguration section */
		CCAF98C223FDA95900B04DA3 /* Debug */ = {
			isa = XCBuildConfiguration;
			buildSettings = {
				ALWAYS_SEARCH_USER_PATHS = NO;
				CLANG_ANALYZER_NONNULL = YES;
				CLANG_ANALYZER_NUMBER_OBJECT_CONVERSION = YES_AGGRESSIVE;
				CLANG_CXX_LANGUAGE_STANDARD = "gnu++14";
				CLANG_CXX_LIBRARY = "libc++";
				CLANG_ENABLE_MODULES = YES;
				CLANG_ENABLE_OBJC_ARC = YES;
				CLANG_ENABLE_OBJC_WEAK = YES;
				CLANG_WARN_BLOCK_CAPTURE_AUTORELEASING = YES;
				CLANG_WARN_BOOL_CONVERSION = YES;
				CLANG_WARN_COMMA = YES;
				CLANG_WARN_CONSTANT_CONVERSION = YES;
				CLANG_WARN_DEPRECATED_OBJC_IMPLEMENTATIONS = YES;
				CLANG_WARN_DIRECT_OBJC_ISA_USAGE = YES_ERROR;
				CLANG_WARN_DOCUMENTATION_COMMENTS = YES;
				CLANG_WARN_EMPTY_BODY = YES;
				CLANG_WARN_ENUM_CONVERSION = YES;
				CLANG_WARN_INFINITE_RECURSION = YES;
				CLANG_WARN_INT_CONVERSION = YES;
				CLANG_WARN_NON_LITERAL_NULL_CONVERSION = YES;
				CLANG_WARN_OBJC_IMPLICIT_RETAIN_SELF = YES;
				CLANG_WARN_OBJC_LITERAL_CONVERSION = YES;
				CLANG_WARN_OBJC_ROOT_CLASS = YES_ERROR;
				CLANG_WARN_RANGE_LOOP_ANALYSIS = YES;
				CLANG_WARN_STRICT_PROTOTYPES = YES;
				CLANG_WARN_SUSPICIOUS_MOVE = YES;
				CLANG_WARN_UNGUARDED_AVAILABILITY = YES_AGGRESSIVE;
				CLANG_WARN_UNREACHABLE_CODE = YES;
				CLANG_WARN__DUPLICATE_METHOD_MATCH = YES;
				COPY_PHASE_STRIP = NO;
				DEBUG_INFORMATION_FORMAT = dwarf;
				ENABLE_STRICT_OBJC_MSGSEND = YES;
				ENABLE_TESTABILITY = YES;
				GCC_C_LANGUAGE_STANDARD = gnu11;
				GCC_DYNAMIC_NO_PIC = NO;
				GCC_NO_COMMON_BLOCKS = YES;
				GCC_OPTIMIZATION_LEVEL = 0;
				GCC_PREPROCESSOR_DEFINITIONS = (
					"DEBUG=1",
					"$(inherited)",
				);
				GCC_WARN_64_TO_32_BIT_CONVERSION = YES;
				GCC_WARN_ABOUT_RETURN_TYPE = YES_ERROR;
				GCC_WARN_UNDECLARED_SELECTOR = YES;
				GCC_WARN_UNINITIALIZED_AUTOS = YES_AGGRESSIVE;
				GCC_WARN_UNUSED_FUNCTION = YES;
				GCC_WARN_UNUSED_VARIABLE = YES;
				IPHONEOS_DEPLOYMENT_TARGET = 13.2;
				MTL_ENABLE_DEBUG_INFO = INCLUDE_SOURCE;
				MTL_FAST_MATH = YES;
				ONLY_ACTIVE_ARCH = YES;
				SDKROOT = iphoneos;
				SWIFT_ACTIVE_COMPILATION_CONDITIONS = DEBUG;
				SWIFT_OPTIMIZATION_LEVEL = "-Onone";
			};
			name = Debug;
		};
		CCAF98C323FDA95900B04DA3 /* Release */ = {
			isa = XCBuildConfiguration;
			buildSettings = {
				ALWAYS_SEARCH_USER_PATHS = NO;
				CLANG_ANALYZER_NONNULL = YES;
				CLANG_ANALYZER_NUMBER_OBJECT_CONVERSION = YES_AGGRESSIVE;
				CLANG_CXX_LANGUAGE_STANDARD = "gnu++14";
				CLANG_CXX_LIBRARY = "libc++";
				CLANG_ENABLE_MODULES = YES;
				CLANG_ENABLE_OBJC_ARC = YES;
				CLANG_ENABLE_OBJC_WEAK = YES;
				CLANG_WARN_BLOCK_CAPTURE_AUTORELEASING = YES;
				CLANG_WARN_BOOL_CONVERSION = YES;
				CLANG_WARN_COMMA = YES;
				CLANG_WARN_CONSTANT_CONVERSION = YES;
				CLANG_WARN_DEPRECATED_OBJC_IMPLEMENTATIONS = YES;
				CLANG_WARN_DIRECT_OBJC_ISA_USAGE = YES_ERROR;
				CLANG_WARN_DOCUMENTATION_COMMENTS = YES;
				CLANG_WARN_EMPTY_BODY = YES;
				CLANG_WARN_ENUM_CONVERSION = YES;
				CLANG_WARN_INFINITE_RECURSION = YES;
				CLANG_WARN_INT_CONVERSION = YES;
				CLANG_WARN_NON_LITERAL_NULL_CONVERSION = YES;
				CLANG_WARN_OBJC_IMPLICIT_RETAIN_SELF = YES;
				CLANG_WARN_OBJC_LITERAL_CONVERSION = YES;
				CLANG_WARN_OBJC_ROOT_CLASS = YES_ERROR;
				CLANG_WARN_RANGE_LOOP_ANALYSIS = YES;
				CLANG_WARN_STRICT_PROTOTYPES = YES;
				CLANG_WARN_SUSPICIOUS_MOVE = YES;
				CLANG_WARN_UNGUARDED_AVAILABILITY = YES_AGGRESSIVE;
				CLANG_WARN_UNREACHABLE_CODE = YES;
				CLANG_WARN__DUPLICATE_METHOD_MATCH = YES;
				COPY_PHASE_STRIP = NO;
				DEBUG_INFORMATION_FORMAT = "dwarf-with-dsym";
				ENABLE_NS_ASSERTIONS = NO;
				ENABLE_STRICT_OBJC_MSGSEND = YES;
				GCC_C_LANGUAGE_STANDARD = gnu11;
				GCC_NO_COMMON_BLOCKS = YES;
				GCC_WARN_64_TO_32_BIT_CONVERSION = YES;
				GCC_WARN_ABOUT_RETURN_TYPE = YES_ERROR;
				GCC_WARN_UNDECLARED_SELECTOR = YES;
				GCC_WARN_UNINITIALIZED_AUTOS = YES_AGGRESSIVE;
				GCC_WARN_UNUSED_FUNCTION = YES;
				GCC_WARN_UNUSED_VARIABLE = YES;
				IPHONEOS_DEPLOYMENT_TARGET = 13.2;
				MTL_ENABLE_DEBUG_INFO = NO;
				MTL_FAST_MATH = YES;
				SDKROOT = iphoneos;
				SWIFT_COMPILATION_MODE = wholemodule;
				SWIFT_OPTIMIZATION_LEVEL = "-O";
				VALIDATE_PRODUCT = YES;
			};
			name = Release;
		};
		CCAF98C523FDA95900B04DA3 /* Debug */ = {
			isa = XCBuildConfiguration;
			buildSettings = {
				ASSETCATALOG_COMPILER_APPICON_NAME = AppIcon;
				CODE_SIGN_STYLE = Automatic;
				DEVELOPMENT_TEAM = XJZ3EEE6AK;
				INFOPLIST_FILE = NonFrontmostCollectionViewCellForItem/Info.plist;
				LD_RUNPATH_SEARCH_PATHS = (
					"$(inherited)",
					"@executable_path/Frameworks",
				);
				PRODUCT_BUNDLE_IDENTIFIER = com.nezhyborets.NonFrontmostCollectionViewCellForItem;
				PRODUCT_NAME = "$(TARGET_NAME)";
				SWIFT_VERSION = 5.0;
				TARGETED_DEVICE_FAMILY = "1,2";
			};
			name = Debug;
		};
		CCAF98C623FDA95900B04DA3 /* Release */ = {
			isa = XCBuildConfiguration;
			buildSettings = {
				ASSETCATALOG_COMPILER_APPICON_NAME = AppIcon;
				CODE_SIGN_STYLE = Automatic;
				DEVELOPMENT_TEAM = XJZ3EEE6AK;
				INFOPLIST_FILE = NonFrontmostCollectionViewCellForItem/Info.plist;
				LD_RUNPATH_SEARCH_PATHS = (
					"$(inherited)",
					"@executable_path/Frameworks",
				);
				PRODUCT_BUNDLE_IDENTIFIER = com.nezhyborets.NonFrontmostCollectionViewCellForItem;
				PRODUCT_NAME = "$(TARGET_NAME)";
				SWIFT_VERSION = 5.0;
				TARGETED_DEVICE_FAMILY = "1,2";
			};
			name = Release;
		};
/* End XCBuildConfiguration section */

/* Begin XCConfigurationList section */
		CCAF98AB23FDA95700B04DA3 /* Build configuration list for PBXProject "NonFrontmostCollectionViewCellForItem" */ = {
			isa = XCConfigurationList;
			buildConfigurations = (
				CCAF98C223FDA95900B04DA3 /* Debug */,
				CCAF98C323FDA95900B04DA3 /* Release */,
			);
			defaultConfigurationIsVisible = 0;
			defaultConfigurationName = Release;
		};
		CCAF98C423FDA95900B04DA3 /* Build configuration list for PBXNativeTarget "NonFrontmostCollectionViewCellForItem" */ = {
			isa = XCConfigurationList;
			buildConfigurations = (
				CCAF98C523FDA95900B04DA3 /* Debug */,
				CCAF98C623FDA95900B04DA3 /* Release */,
			);
			defaultConfigurationIsVisible = 0;
			defaultConfigurationName = Release;
		};
/* End XCConfigurationList section */
	};
	rootObject = CCAF98A823FDA95700B04DA3 /* Project object */;
}
